
Microsoft Visual Studio Solution File, Format Version 12.00
# Visual Studio Express 2012 for Windows Desktop
Project("{8BC9CEB8-8B4A-11D0-8D11-00A0C91BC942}") = "Project13", "Project13\Project13.vcxproj", "{5260A341-0042-45C1-B52F-C73C9C39109B}"
EndProject
Global
	GlobalSection(SolutionConfigurationPlatforms) = preSolution
		Debug|Win32 = Debug|Win32
		Release|Win32 = Release|Win32
	EndGlobalSection
	GlobalSection(ProjectConfigurationPlatforms) = postSolution
		{5260A341-0042-45C1-B52F-C73C9C39109B}.Debug|Win32.ActiveCfg = Debug|Win32
		{5260A341-0042-45C1-B52F-C73C9C39109B}.Debug|Win32.Build.0 = Debug|Win32
		{5260A341-0042-45C1-B52F-C73C9C39109B}.Release|Win32.ActiveCfg = Release|Win32
		{5260A341-0042-45C1-B52F-C73C9C39109B}.Release|Win32.Build.0 = Release|Win32
	EndGlobalSection
	GlobalSection(SolutionProperties) = preSolution
		HideSolutionNode = FALSE
	EndGlobalSection
EndGlobal
